<?xml version="1.0" encoding="utf-8"?>
<Project ToolsVersion="4.0" xmlns="http://schemas.microsoft.com/developer/msbuild/2003">
  <ItemGroup>
    <Filter Include="autopick">
      <UniqueIdentifier>{062e1002-646c-4166-a99d-f3ed5b508575}</UniqueIdentifier>
    </Filter>
    <Filter Include="cmd-io">
      <UniqueIdentifier>{e069960f-7c8e-4a93-b43d-36b2f719cb12}</UniqueIdentifier>
    </Filter>
    <Filter Include="info-reader">
      <UniqueIdentifier>{0a4fac22-0e6b-422b-9f88-49ee79b2f2f1}</UniqueIdentifier>
    </Filter>
    <Filter Include="io">
      <UniqueIdentifier>{c8b717ff-2016-4112-a724-c2a1d4bd249b}</UniqueIdentifier>
    </Filter>
    <Filter Include="system">
      <UniqueIdentifier>{da617f35-e903-420f-a3c2-35c05c34635e}</UniqueIdentifier>
    </Filter>
    <Filter Include="system\monrace">
      <UniqueIdentifier>{92ff44d3-839e-4000-9ff0-d6cdefda0a83}</UniqueIdentifier>
    </Filter>
    <Filter Include="timed-effect">
      <UniqueIdentifier>{966ee29c-0d64-440a-93da-4ae9a23bbdb4}</UniqueIdentifier>
    </Filter>
    <Filter Include="util">
      <UniqueIdentifier>{b5fce0ab-8f5f-40b9-86c9-a3b22374936b}</UniqueIdentifier>
    </Filter>
  </ItemGroup>
  <ItemGroup>
    <ClCompile Include="..\..\src\stdafx.cpp" />
    <ClCompile Include="..\..\src\test\test-main.cpp" />
    <ClCompile Include="..\..\src\test\test-win-stubs.cpp" />
    <ClCompile Include="..\..\src\test\autopick\test-autopick-editor-util.cpp">
      <Filter>autopick</Filter>
    </ClCompile>
    <ClCompile Include="..\..\src\test\cmd-io\test-cmd-autopick.cpp">
      <Filter>cmd-io</Filter>
    </ClCompile>
    <ClCompile Include="..\..\src\test\info-reader\test-info-reader-util.cpp">
      <Filter>info-reader</Filter>
    </ClCompile>
    <ClCompile Include="..\..\src\test\info-reader\test-json-reader-util.cpp">
      <Filter>info-reader</Filter>
    </ClCompile>
    <ClCompile Include="..\..\src\test\io\test-macro-configurations-store.cpp">
      <Filter>io</Filter>
    </ClCompile>
    <ClCompile Include="..\..\src\test\system\monrace\test-armament-level.cpp">
      <Filter>system\monrace</Filter>
    </ClCompile>
    <ClCompile Include="..\..\src\test\system\monrace\test-body-structure-policy.cpp">
      <Filter>system\monrace</Filter>
    </ClCompile>
    <ClCompile Include="..\..\src\test\system\monrace\test-monrace-max-level.cpp">
      <Filter>system\monrace</Filter>
    </ClCompile>
    <ClCompile Include="..\..\src\test\timed-effect\test-player-cut.cpp">
      <Filter>timed-effect</Filter>
    </ClCompile>
    <ClCompile Include="..\..\src\test\timed-effect\test-player-stun.cpp">
      <Filter>timed-effect</Filter>
    </ClCompile>
    <ClCompile Include="..\..\src\test\util\test-dice.cpp">
      <Filter>util</Filter>
    </ClCompile>
    <ClCompile Include="..\..\src\test\util\test-finalizer.cpp">
      <Filter>util</Filter>
    </ClCompile>
    <ClCompile Include="..\..\src\test\util\test-flag-group.cpp">
      <Filter>util</Filter>
    </ClCompile>
    <ClCompile Include="..\..\src\test\util\test-probability-table.cpp">
      <Filter>util</Filter>
    </ClCompile>
    <ClCompile Include="..\..\src\test\util\test-sha256.cpp">
      <Filter>util</Filter>
    </ClCompile>
  </ItemGroup>
  <ItemGroup>
    <ClInclude Include="..\..\src\stdafx.h" />
    <ClInclude Include="..\..\src\test\scoped-rng.h" />
  </ItemGroup>
</Project>
